Microsoft Visual Studio Solution File, Format Version 12.00
# Visual Studio 2012
Project("{FAE04EC0-301F-11D3-BF4B-00C04F79EFBC}") = "Booster", "Booster.csproj", "{FE19BA93-DDFC-4B9E-BFBD-1CCCC03FEE02}"
EndProject
Global
	GlobalSection(SolutionConfigurationPlatforms) = preSolution
	Debug|Any CPU = Debug|Any CPU
	ExportDebug|Any CPU = ExportDebug|Any CPU
	ExportRelease|Any CPU = ExportRelease|Any CPU
	EndGlobalSection
	GlobalSection(ProjectConfigurationPlatforms) = postSolution
		{FE19BA93-DDFC-4B9E-BFBD-1CCCC03FEE02}.Debug|Any CPU.ActiveCfg = Debug|Any CPU
		{FE19BA93-DDFC-4B9E-BFBD-1CCCC03FEE02}.Debug|Any CPU.Build.0 = Debug|Any CPU
		{FE19BA93-DDFC-4B9E-BFBD-1CCCC03FEE02}.ExportDebug|Any CPU.ActiveCfg = ExportDebug|Any CPU
		{FE19BA93-DDFC-4B9E-BFBD-1CCCC03FEE02}.ExportDebug|Any CPU.Build.0 = ExportDebug|Any CPU
		{FE19BA93-DDFC-4B9E-BFBD-1CCCC03FEE02}.ExportRelease|Any CPU.ActiveCfg = ExportRelease|Any CPU
		{FE19BA93-DDFC-4B9E-BFBD-1CCCC03FEE02}.ExportRelease|Any CPU.Build.0 = ExportRelease|Any CPU
	EndGlobalSection
EndGlobal
